// !$*UTF8*$!
{
	archiveVersion = 1;
	classes = {
	};
	objectVersion = 50;
	objects = {

/* Begin PBXBuildFile section */
		CE6136782682850A0054A6C8 /* list_nav_demoApp.swift in Sources */ = {isa = PBXBuildFile; fileRef = CE6136772682850A0054A6C8 /* list_nav_demoApp.swift */; };
		CE61367A2682850A0054A6C8 /* ContentView.swift in Sources */ = {isa = PBXBuildFile; fileRef = CE6136792682850A0054A6C8 /* ContentView.swift */; };
		CE61367C268285140054A6C8 /* Assets.xcassets in Resources */ = {isa = PBXBuildFile; fileRef = CE61367B268285140054A6C8 /* Assets.xcassets */; };
		CE61367F268285140054A6C8 /* Preview Assets.xcassets in Resources */ = {isa = PBXBuildFile; fileRef = CE61367E268285140054A6C8 /* Preview Assets.xcassets */; };
		CE6136872682861F0054A6C8 /* carData.json in Resources */ = {isa = PBXBuildFile; fileRef = CE6136862682861E0054A6C8 /* carData.json */; };
		CE613689268286B60054A6C8 /* Car.swift in Sources */ = {isa = PBXBuildFile; fileRef = CE613688268286B60054A6C8 /* Car.swift */; };
		CE61368B268287640054A6C8 /* CarData.swift in Sources */ = {isa = PBXBuildFile; fileRef = CE61368A268287640054A6C8 /* CarData.swift */; };
		CE61368D26828A860054A6C8 /* CarStore.swift in Sources */ = {isa = PBXBuildFile; fileRef = CE61368C26828A860054A6C8 /* CarStore.swift */; };
/* End PBXBuildFile section */

/* Begin PBXFileReference section */
		CE6136742682850A0054A6C8 /* list-nav-demo.app */ = {isa = PBXFileReference; explicitFileType = wrapper.application; includeInIndex = 0; path = "list-nav-demo.app"; sourceTree = BUILT_PRODUCTS_DIR; };
		CE6136772682850A0054A6C8 /* list_nav_demoApp.swift */ = {isa = PBXFileReference; lastKnownFileType = sourcecode.swift; path = list_nav_demoApp.swift; sourceTree = "<group>"; };
		CE6136792682850A0054A6C8 /* ContentView.swift */ = {isa = PBXFileReference; lastKnownFileType = sourcecode.swift; path = ContentView.swift; sourceTree = "<group>"; };
		CE61367B268285140054A6C8 /* Assets.xcassets */ = {isa = PBXFileReference; lastKnownFileType = folder.assetcatalog; path = Assets.xcassets; sourceTree = "<group>"; };
		CE61367E268285140054A6C8 /* Preview Assets.xcassets */ = {isa = PBXFileReference; lastKnownFileType = folder.assetcatalog; path = "Preview Assets.xcassets"; sourceTree = "<group>"; };
		CE613680268285140054A6C8 /* Info.plist */ = {isa = PBXFileReference; lastKnownFileType = text.plist.xml; path = Info.plist; sourceTree = "<group>"; };
		CE6136862682861E0054A6C8 /* carData.json */ = {isa = PBXFileReference; fileEncoding = 4; lastKnownFileType = text.json; name = carData.json; path = ../../../CarData/carData.json; sourceTree = "<group>"; };
		CE613688268286B60054A6C8 /* Car.swift */ = {isa = PBXFileReference; lastKnownFileType = sourcecode.swift; path = Car.swift; sourceTree = "<group>"; };
		CE61368A268287640054A6C8 /* CarData.swift */ = {isa = PBXFileReference; lastKnownFileType = sourcecode.swift; path = CarData.swift; sourceTree = "<group>"; };
		CE61368C26828A860054A6C8 /* CarStore.swift */ = {isa = PBXFileReference; lastKnownFileType = sourcecode.swift; path = CarStore.swift; sourceTree = "<group>"; };
/* End PBXFileReference section */

/* Begin PBXFrameworksBuildPhase section */
		CE6136712682850A0054A6C8 /* Frameworks */ = {
			isa = PBXFrameworksBuildPhase;
			buildActionMask = 2147483647;
			files = (
			);
			runOnlyForDeploymentPostprocessing = 0;
		};
/* End PBXFrameworksBuildPhase section */

/* Begin PBXGroup section */
		CE61366B268285080054A6C8 = {
			isa = PBXGroup;
			children = (
				CE6136762682850A0054A6C8 /* list-nav-demo */,
				CE6136752682850A0054A6C8 /* Products */,
			);
			sourceTree = "<group>";
		};
		CE6136752682850A0054A6C8 /* Products */ = {
			isa = PBXGroup;
			children = (
				CE6136742682850A0054A6C8 /* list-nav-demo.app */,
			);
			name = Products;
			sourceTree = "<group>";
		};
		CE6136762682850A0054A6C8 /* list-nav-demo */ = {
			isa = PBXGroup;
			children = (
				CE6136772682850A0054A6C8 /* list_nav_demoApp.swift */,
				CE6136792682850A0054A6C8 /* ContentView.swift */,
				CE6136862682861E0054A6C8 /* carData.json */,
				CE61367B268285140054A6C8 /* Assets.xcassets */,
				CE613680268285140054A6C8 /* Info.plist */,
				CE61367D268285140054A6C8 /* Preview Content */,
				CE613688268286B60054A6C8 /* Car.swift */,
				CE61368A268287640054A6C8 /* CarData.swift */,
				CE61368C26828A860054A6C8 /* CarStore.swift */,
			);
			path = "list-nav-demo";
			sourceTree = "<group>";
		};
		CE61367D268285140054A6C8 /* Preview Content */ = {
			isa = PBXGroup;
			children = (
				CE61367E268285140054A6C8 /* Preview Assets.xcassets */,
			);
			path = "Preview Content";
			sourceTree = "<group>";
		};
/* End PBXGroup section */

/* Begin PBXNativeTarget section */
		CE6136732682850A0054A6C8 /* list-nav-demo */ = {
			isa = PBXNativeTarget;
			buildConfigurationList = CE613683268285140054A6C8 /* Build configuration list for PBXNativeTarget "list-nav-demo" */;
			buildPhases = (
				CE6136702682850A0054A6C8 /* Sources */,
				CE6136712682850A0054A6C8 /* Frameworks */,
				CE6136722682850A0054A6C8 /* Resources */,
			);
			buildRules = (
			);
			dependencies = (
			);
			name = "list-nav-demo";
			productName = "list-nav-demo";
			productReference = CE6136742682850A0054A6C8 /* list-nav-demo.app */;
			productType = "com.apple.product-type.application";
		};
/* End PBXNativeTarget section */

/* Begin PBXProject section */
		CE61366C268285090054A6C8 /* Project object */ = {
			isa = PBXProject;
			attributes = {
				LastSwiftUpdateCheck = 1250;
				LastUpgradeCheck = 1250;
				TargetAttributes = {
					CE6136732682850A0054A6C8 = {
						CreatedOnToolsVersion = 12.5;
					};
				};
			};
			buildConfigurationList = CE61366F268285090054A6C8 /* Build configuration list for PBXProject "list-nav-demo" */;
			compatibilityVersion = "Xcode 9.3";
			developmentRegion = en;
			hasScannedForEncodings = 0;
			knownRegions = (
				en,
				Base,
			);
			mainGroup = CE61366B268285080054A6C8;
			productRefGroup = CE6136752682850A0054A6C8 /* Products */;
			projectDirPath = "";
			projectRoot = "";
			targets = (
				CE6136732682850A0054A6C8 /* list-nav-demo */,
			);
		};
/* End PBXProject section */

/* Begin PBXResourcesBuildPhase section */
		CE6136722682850A0054A6C8 /* Resources */ = {
			isa = PBXResourcesBuildPhase;
			buildActionMask = 2147483647;
			files = (
				CE61367F268285140054A6C8 /* Preview Assets.xcassets in Resources */,
				CE6136872682861F0054A6C8 /* carData.json in Resources */,
				CE61367C268285140054A6C8 /* Assets.xcassets in Resources */,
			);
			runOnlyForDeploymentPostprocessing = 0;
		};
/* End PBXResourcesBuildPhase section */

/* Begin PBXSourcesBuildPhase section */
		CE6136702682850A0054A6C8 /* Sources */ = {
			isa = PBXSourcesBuildPhase;
			buildActionMask = 2147483647;
			files = (
				CE61368B268287640054A6C8 /* CarData.swift in Sources */,
				CE61367A2682850A0054A6C8 /* ContentView.swift in Sources */,
				CE6136782682850A0054A6C8 /* list_nav_demoApp.swift in Sources */,
				CE613689268286B60054A6C8 /* Car.swift in Sources */,
				CE61368D26828A860054A6C8 /* CarStore.swift in Sources */,
			);
			runOnlyForDeploymentPostprocessing = 0;
		};
/* End PBXSourcesBuildPhase section */

/* Begin XCBuildConfiguration section */
		CE613681268285140054A6C8 /* Debug */ = {
			isa = XCBuildConfiguration;
			buildSettings = {
				ALWAYS_SEARCH_USER_PATHS = NO;
				CLANG_ANALYZER_NONNULL = YES;
				CLANG_ANALYZER_NUMBER_OBJECT_CONVERSION = YES_AGGRESSIVE;
				CLANG_CXX_LANGUAGE_STANDARD = "gnu++14";
				CLANG_CXX_LIBRARY = "libc++";
				CLANG_ENABLE_MODULES = YES;
				CLANG_ENABLE_OBJC_ARC = YES;
				CLANG_ENABLE_OBJC_WEAK = YES;
				CLANG_WARN_BLOCK_CAPTURE_AUTORELEASING = YES;
				CLANG_WARN_BOOL_CONVERSION = YES;
				CLANG_WARN_COMMA = YES;
				CLANG_WARN_CONSTANT_CONVERSION = YES;
				CLANG_WARN_DEPRECATED_OBJC_IMPLEMENTATIONS = YES;
				CLANG_WARN_DIRECT_OBJC_ISA_USAGE = YES_ERROR;
				CLANG_WARN_DOCUMENTATION_COMMENTS = YES;
				CLANG_WARN_EMPTY_BODY = YES;
				CLANG_WARN_ENUM_CONVERSION = YES;
				CLANG_WARN_INFINITE_RECURSION = YES;
				CLANG_WARN_INT_CONVERSION = YES;
				CLANG_WARN_NON_LITERAL_NULL_CONVERSION = YES;
				CLANG_WARN_OBJC_IMPLICIT_RETAIN_SELF = YES;
				CLANG_WARN_OBJC_LITERAL_CONVERSION = YES;
				CLANG_WARN_OBJC_ROOT_CLASS = YES_ERROR;
				CLANG_WARN_QUOTED_INCLUDE_IN_FRAMEWORK_HEADER = YES;
				CLANG_WARN_RANGE_LOOP_ANALYSIS = YES;
				CLANG_WARN_STRICT_PROTOTYPES = YES;
				CLANG_WARN_SUSPICIOUS_MOVE = YES;
				CLANG_WARN_UNGUARDED_AVAILABILITY = YES_AGGRESSIVE;
				CLANG_WARN_UNREACHABLE_CODE = YES;
				CLANG_WARN__DUPLICATE_METHOD_MATCH = YES;
				COPY_PHASE_STRIP = NO;
				DEBUG_INFORMATION_FORMAT = dwarf;
				ENABLE_STRICT_OBJC_MSGSEND = YES;
				ENABLE_TESTABILITY = YES;
				GCC_C_LANGUAGE_STANDARD = gnu11;
				GCC_DYNAMIC_NO_PIC = NO;
				GCC_NO_COMMON_BLOCKS = YES;
				GCC_OPTIMIZATION_LEVEL = 0;
				GCC_PREPROCESSOR_DEFINITIONS = (
					"DEBUG=1",
					"$(inherited)",
				);
				GCC_WARN_64_TO_32_BIT_CONVERSION = YES;
				GCC_WARN_ABOUT_RETURN_TYPE = YES_ERROR;
				GCC_WARN_UNDECLARED_SELECTOR = YES;
				GCC_WARN_UNINITIALIZED_AUTOS = YES_AGGRESSIVE;
				GCC_WARN_UNUSED_FUNCTION = YES;
				GCC_WARN_UNUSED_VARIABLE = YES;
				IPHONEOS_DEPLOYMENT_TARGET = 14.5;
				MTL_ENABLE_DEBUG_INFO = INCLUDE_SOURCE;
				MTL_FAST_MATH = YES;
				ONLY_ACTIVE_ARCH = YES;
				SDKROOT = iphoneos;
				SWIFT_ACTIVE_COMPILATION_CONDITIONS = DEBUG;
				SWIFT_OPTIMIZATION_LEVEL = "-Onone";
			};
			name = Debug;
		};
		CE613682268285140054A6C8 /* Release */ = {
			isa = XCBuildConfiguration;
			buildSettings = {
				ALWAYS_SEARCH_USER_PATHS = NO;
				CLANG_ANALYZER_NONNULL = YES;
				CLANG_ANALYZER_NUMBER_OBJECT_CONVERSION = YES_AGGRESSIVE;
				CLANG_CXX_LANGUAGE_STANDARD = "gnu++14";
				CLANG_CXX_LIBRARY = "libc++";
				CLANG_ENABLE_MODULES = YES;
				CLANG_ENABLE_OBJC_ARC = YES;
				CLANG_ENABLE_OBJC_WEAK = YES;
				CLANG_WARN_BLOCK_CAPTURE_AUTORELEASING = YES;
				CLANG_WARN_BOOL_CONVERSION = YES;
				CLANG_WARN_COMMA = YES;
				CLANG_WARN_CONSTANT_CONVERSION = YES;
				CLANG_WARN_DEPRECATED_OBJC_IMPLEMENTATIONS = YES;
				CLANG_WARN_DIRECT_OBJC_ISA_USAGE = YES_ERROR;
				CLANG_WARN_DOCUMENTATION_COMMENTS = YES;
				CLANG_WARN_EMPTY_BODY = YES;
				CLANG_WARN_ENUM_CONVERSION = YES;
				CLANG_WARN_INFINITE_RECURSION = YES;
				CLANG_WARN_INT_CONVERSION = YES;
				CLANG_WARN_NON_LITERAL_NULL_CONVERSION = YES;
				CLANG_WARN_OBJC_IMPLICIT_RETAIN_SELF = YES;
				CLANG_WARN_OBJC_LITERAL_CONVERSION = YES;
				CLANG_WARN_OBJC_ROOT_CLASS = YES_ERROR;
				CLANG_WARN_QUOTED_INCLUDE_IN_FRAMEWORK_HEADER = YES;
				CLANG_WARN_RANGE_LOOP_ANALYSIS = YES;
				CLANG_WARN_STRICT_PROTOTYPES = YES;
				CLANG_WARN_SUSPICIOUS_MOVE = YES;
				CLANG_WARN_UNGUARDED_AVAILABILITY = YES_AGGRESSIVE;
				CLANG_WARN_UNREACHABLE_CODE = YES;
				CLANG_WARN__DUPLICATE_METHOD_MATCH = YES;
				COPY_PHASE_STRIP = NO;
				DEBUG_INFORMATION_FORMAT = "dwarf-with-dsym";
				ENABLE_NS_ASSERTIONS = NO;
				ENABLE_STRICT_OBJC_MSGSEND = YES;
				GCC_C_LANGUAGE_STANDARD = gnu11;
				GCC_NO_COMMON_BLOCKS = YES;
				GCC_WARN_64_TO_32_BIT_CONVERSION = YES;
				GCC_WARN_ABOUT_RETURN_TYPE = YES_ERROR;
				GCC_WARN_UNDECLARED_SELECTOR = YES;
				GCC_WARN_UNINITIALIZED_AUTOS = YES_AGGRESSIVE;
				GCC_WARN_UNUSED_FUNCTION = YES;
				GCC_WARN_UNUSED_VARIABLE = YES;
				IPHONEOS_DEPLOYMENT_TARGET = 14.5;
				MTL_ENABLE_DEBUG_INFO = NO;
				MTL_FAST_MATH = YES;
				SDKROOT = iphoneos;
				SWIFT_COMPILATION_MODE = wholemodule;
				SWIFT_OPTIMIZATION_LEVEL = "-O";
				VALIDATE_PRODUCT = YES;
			};
			name = Release;
		};
		CE613684268285140054A6C8 /* Debug */ = {
			isa = XCBuildConfiguration;
			buildSettings = {
				ASSETCATALOG_COMPILER_APPICON_NAME = AppIcon;
				ASSETCATALOG_COMPILER_GLOBAL_ACCENT_COLOR_NAME = AccentColor;
				CODE_SIGN_STYLE = Automatic;
				DEVELOPMENT_ASSET_PATHS = "\"list-nav-demo/Preview Content\"";
				DEVELOPMENT_TEAM = WUYUJN36A5;
				ENABLE_PREVIEWS = YES;
				INFOPLIST_FILE = "list-nav-demo/Info.plist";
				IPHONEOS_DEPLOYMENT_TARGET = 14.0;
				LD_RUNPATH_SEARCH_PATHS = (
					"$(inherited)",
					"@executable_path/Frameworks",
				);
				PRODUCT_BUNDLE_IDENTIFIER = "com.PaulDenlinger..list-nav-demo";
				PRODUCT_NAME = "$(TARGET_NAME)";
				SWIFT_VERSION = 5.0;
				TARGETED_DEVICE_FAMILY = "1,2";
			};
			name = Debug;
		};
		CE613685268285140054A6C8 /* Release */ = {
			isa = XCBuildConfiguration;
			buildSettings = {
				ASSETCATALOG_COMPILER_APPICON_NAME = AppIcon;
				ASSETCATALOG_COMPILER_GLOBAL_ACCENT_COLOR_NAME = AccentColor;
				CODE_SIGN_STYLE = Automatic;
				DEVELOPMENT_ASSET_PATHS = "\"list-nav-demo/Preview Content\"";
				DEVELOPMENT_TEAM = WUYUJN36A5;
				ENABLE_PREVIEWS = YES;
				INFOPLIST_FILE = "list-nav-demo/Info.plist";
				IPHONEOS_DEPLOYMENT_TARGET = 14.0;
				LD_RUNPATH_SEARCH_PATHS = (
					"$(inherited)",
					"@executable_path/Frameworks",
				);
				PRODUCT_BUNDLE_IDENTIFIER = "com.PaulDenlinger..list-nav-demo";
				PRODUCT_NAME = "$(TARGET_NAME)";
				SWIFT_VERSION = 5.0;
				TARGETED_DEVICE_FAMILY = "1,2";
			};
			name = Release;
		};
/* End XCBuildConfiguration section */

/* Begin XCConfigurationList section */
		CE61366F268285090054A6C8 /* Build configuration list for PBXProject "list-nav-demo" */ = {
			isa = XCConfigurationList;
			buildConfigurations = (
				CE613681268285140054A6C8 /* Debug */,
				CE613682268285140054A6C8 /* Release */,
			);
			defaultConfigurationIsVisible = 0;
			defaultConfigurationName = Release;
		};
		CE613683268285140054A6C8 /* Build configuration list for PBXNativeTarget "list-nav-demo" */ = {
			isa = XCConfigurationList;
			buildConfigurations = (
				CE613684268285140054A6C8 /* Debug */,
				CE613685268285140054A6C8 /* Release */,
			);
			defaultConfigurationIsVisible = 0;
			defaultConfigurationName = Release;
		};
/* End XCConfigurationList section */
	};
	rootObject = CE61366C268285090054A6C8 /* Project object */;
}
